
Microsoft Visual Studio Solution File, Format Version 12.00
# Visual Studio Version 16
VisualStudioVersion = 16.0.31624.102
MinimumVisualStudioVersion = 10.0.40219.1
Project("{9A19103F-16F7-4668-BE54-9A1E7A4F7556}") = "DexterityDictionary", "DexterityDictionary\DexterityDictionary.csproj", "{D83D06C1-DF79-45E9-89C3-DE1D7889F8D9}"
EndProject
Project("{9A19103F-16F7-4668-BE54-9A1E7A4F7556}") = "DictDumper", "DictDumper\DictDumper.csproj", "{B1395CD8-9691-4D74-BD73-2B6042E59A47}"
EndProject
Project("{2150E333-8FDC-42A3-9474-1A3956D46DE8}") = "Solution Items", "Solution Items", "{3A6FAF81-18FE-464E-89E9-FFEA3725506E}"
	ProjectSection(SolutionItems) = preProject
		.editorconfig = .editorconfig
	EndProjectSection
EndProject
Global
	GlobalSection(SolutionConfigurationPlatforms) = preSolution
		Debug|Any CPU = Debug|Any CPU
		Release|Any CPU = Release|Any CPU
	EndGlobalSection
	GlobalSection(ProjectConfigurationPlatforms) = postSolution
		{D83D06C1-DF79-45E9-89C3-DE1D7889F8D9}.Debug|Any CPU.ActiveCfg = Debug|Any CPU
		{D83D06C1-DF79-45E9-89C3-DE1D7889F8D9}.Debug|Any CPU.Build.0 = Debug|Any CPU
		{D83D06C1-DF79-45E9-89C3-DE1D7889F8D9}.Release|Any CPU.ActiveCfg = Release|Any CPU
		{D83D06C1-DF79-45E9-89C3-DE1D7889F8D9}.Release|Any CPU.Build.0 = Release|Any CPU
		{B1395CD8-9691-4D74-BD73-2B6042E59A47}.Debug|Any CPU.ActiveCfg = Debug|Any CPU
		{B1395CD8-9691-4D74-BD73-2B6042E59A47}.Debug|Any CPU.Build.0 = Debug|Any CPU
		{B1395CD8-9691-4D74-BD73-2B6042E59A47}.Release|Any CPU.ActiveCfg = Release|Any CPU
		{B1395CD8-9691-4D74-BD73-2B6042E59A47}.Release|Any CPU.Build.0 = Release|Any CPU
	EndGlobalSection
	GlobalSection(SolutionProperties) = preSolution
		HideSolutionNode = FALSE
	EndGlobalSection
	GlobalSection(ExtensibilityGlobals) = postSolution
		SolutionGuid = {54977BE4-54DD-472D-B48C-9E8DBC158A61}
	EndGlobalSection
EndGlobal
